
Microsoft Visual Studio Solution File, Format Version 12.00
# Visual Studio Version 16
VisualStudioVersion = 16.0.31702.278
MinimumVisualStudioVersion = 10.0.40219.1
Project("{FAE04EC0-301F-11D3-BF4B-00C04F79EFBC}") = "Lesson3", "Lesson3\Lesson3.csproj", "{5C3ECADE-894F-4ECC-9AD9-2565FF0BFCEC}"
EndProject
Global
	GlobalSection(SolutionConfigurationPlatforms) = preSolution
		Debug|Any CPU = Debug|Any CPU
		Release|Any CPU = Release|Any CPU
	EndGlobalSection
	GlobalSection(ProjectConfigurationPlatforms) = postSolution
		{5C3ECADE-894F-4ECC-9AD9-2565FF0BFCEC}.Debug|Any CPU.ActiveCfg = Debug|Any CPU
		{5C3ECADE-894F-4ECC-9AD9-2565FF0BFCEC}.Debug|Any CPU.Build.0 = Debug|Any CPU
		{5C3ECADE-894F-4ECC-9AD9-2565FF0BFCEC}.Release|Any CPU.ActiveCfg = Release|Any CPU
		{5C3ECADE-894F-4ECC-9AD9-2565FF0BFCEC}.Release|Any CPU.Build.0 = Release|Any CPU
	EndGlobalSection
	GlobalSection(SolutionProperties) = preSolution
		HideSolutionNode = FALSE
	EndGlobalSection
	GlobalSection(ExtensibilityGlobals) = postSolution
		SolutionGuid = {E67B1575-1732-45FB-ABC7-8BE236B5858F}
	EndGlobalSection
EndGlobal
