
Microsoft Visual Studio Solution File, Format Version 12.00
# Visual Studio Version 16
VisualStudioVersion = 16.0.31702.278
MinimumVisualStudioVersion = 10.0.40219.1
Project("{9A19103F-16F7-4668-BE54-9A1E7A4F7556}") = "Lesson2", "Lesson2\Lesson2.csproj", "{61BA2D8E-74A8-443A-A1E9-AC7A8836D103}"
EndProject
Project("{FAE04EC0-301F-11D3-BF4B-00C04F79EFBC}") = "Lesson2_1", "Lesson2_1\Lesson2_1.csproj", "{A2376972-3AAA-4B78-AF7E-7F22968EF3E4}"
EndProject
Project("{FAE04EC0-301F-11D3-BF4B-00C04F79EFBC}") = "Lesson2_2", "Lesson2_2\Lesson2_2.csproj", "{95E88820-D5E7-4AED-B7E0-ABCC95C5CFF1}"
EndProject
Project("{FAE04EC0-301F-11D3-BF4B-00C04F79EFBC}") = "Lesson2_3", "Lesson2_3\Lesson2_3.csproj", "{B4C73AA5-3337-4B82-B4EA-C865D09AD981}"
EndProject
Project("{FAE04EC0-301F-11D3-BF4B-00C04F79EFBC}") = "Lesson2_4", "Lesson2_4\Lesson2_4.csproj", "{7C06A44F-A588-4D76-8870-82378950789A}"
EndProject
Global
	GlobalSection(SolutionConfigurationPlatforms) = preSolution
		Debug|Any CPU = Debug|Any CPU
		Release|Any CPU = Release|Any CPU
	EndGlobalSection
	GlobalSection(ProjectConfigurationPlatforms) = postSolution
		{61BA2D8E-74A8-443A-A1E9-AC7A8836D103}.Debug|Any CPU.ActiveCfg = Debug|Any CPU
		{61BA2D8E-74A8-443A-A1E9-AC7A8836D103}.Debug|Any CPU.Build.0 = Debug|Any CPU
		{61BA2D8E-74A8-443A-A1E9-AC7A8836D103}.Release|Any CPU.ActiveCfg = Release|Any CPU
		{61BA2D8E-74A8-443A-A1E9-AC7A8836D103}.Release|Any CPU.Build.0 = Release|Any CPU
		{A2376972-3AAA-4B78-AF7E-7F22968EF3E4}.Debug|Any CPU.ActiveCfg = Debug|Any CPU
		{A2376972-3AAA-4B78-AF7E-7F22968EF3E4}.Debug|Any CPU.Build.0 = Debug|Any CPU
		{A2376972-3AAA-4B78-AF7E-7F22968EF3E4}.Release|Any CPU.ActiveCfg = Release|Any CPU
		{A2376972-3AAA-4B78-AF7E-7F22968EF3E4}.Release|Any CPU.Build.0 = Release|Any CPU
		{95E88820-D5E7-4AED-B7E0-ABCC95C5CFF1}.Debug|Any CPU.ActiveCfg = Debug|Any CPU
		{95E88820-D5E7-4AED-B7E0-ABCC95C5CFF1}.Debug|Any CPU.Build.0 = Debug|Any CPU
		{95E88820-D5E7-4AED-B7E0-ABCC95C5CFF1}.Release|Any CPU.ActiveCfg = Release|Any CPU
		{95E88820-D5E7-4AED-B7E0-ABCC95C5CFF1}.Release|Any CPU.Build.0 = Release|Any CPU
		{B4C73AA5-3337-4B82-B4EA-C865D09AD981}.Debug|Any CPU.ActiveCfg = Debug|Any CPU
		{B4C73AA5-3337-4B82-B4EA-C865D09AD981}.Debug|Any CPU.Build.0 = Debug|Any CPU
		{B4C73AA5-3337-4B82-B4EA-C865D09AD981}.Release|Any CPU.ActiveCfg = Release|Any CPU
		{B4C73AA5-3337-4B82-B4EA-C865D09AD981}.Release|Any CPU.Build.0 = Release|Any CPU
		{7C06A44F-A588-4D76-8870-82378950789A}.Debug|Any CPU.ActiveCfg = Debug|Any CPU
		{7C06A44F-A588-4D76-8870-82378950789A}.Debug|Any CPU.Build.0 = Debug|Any CPU
		{7C06A44F-A588-4D76-8870-82378950789A}.Release|Any CPU.ActiveCfg = Release|Any CPU
		{7C06A44F-A588-4D76-8870-82378950789A}.Release|Any CPU.Build.0 = Release|Any CPU
	EndGlobalSection
	GlobalSection(SolutionProperties) = preSolution
		HideSolutionNode = FALSE
	EndGlobalSection
	GlobalSection(ExtensibilityGlobals) = postSolution
		SolutionGuid = {96F28231-11C3-4900-8936-264DCDEDD02F}
	EndGlobalSection
EndGlobal
