
Microsoft Visual Studio Solution File, Format Version 12.00
# Visual Studio Version 16
VisualStudioVersion = 16.0.31702.278
MinimumVisualStudioVersion = 10.0.40219.1
Project("{FAE04EC0-301F-11D3-BF4B-00C04F79EFBC}") = "Lesson5", "Lesson5\Lesson5.csproj", "{319F9BA7-1549-402F-A1D8-F827C1FE11AC}"
EndProject
Project("{FAE04EC0-301F-11D3-BF4B-00C04F79EFBC}") = "Lesson5_1", "Lesson5_1\Lesson5_1.csproj", "{F894A814-80C5-4EF4-8DF5-B8D130C63F3A}"
EndProject
Project("{FAE04EC0-301F-11D3-BF4B-00C04F79EFBC}") = "Lesson5_2", "Lesson5_2\Lesson5_2.csproj", "{41AC5399-137A-4DF2-BCDF-94F2A73A6376}"
EndProject
Project("{FAE04EC0-301F-11D3-BF4B-00C04F79EFBC}") = "Lesson5_3", "Lesson5_3\Lesson5_3.csproj", "{4507A78D-2C86-4CF9-82C4-D0E399185C1E}"
EndProject
Global
	GlobalSection(SolutionConfigurationPlatforms) = preSolution
		Debug|Any CPU = Debug|Any CPU
		Release|Any CPU = Release|Any CPU
	EndGlobalSection
	GlobalSection(ProjectConfigurationPlatforms) = postSolution
		{319F9BA7-1549-402F-A1D8-F827C1FE11AC}.Debug|Any CPU.ActiveCfg = Debug|Any CPU
		{319F9BA7-1549-402F-A1D8-F827C1FE11AC}.Debug|Any CPU.Build.0 = Debug|Any CPU
		{319F9BA7-1549-402F-A1D8-F827C1FE11AC}.Release|Any CPU.ActiveCfg = Release|Any CPU
		{319F9BA7-1549-402F-A1D8-F827C1FE11AC}.Release|Any CPU.Build.0 = Release|Any CPU
		{F894A814-80C5-4EF4-8DF5-B8D130C63F3A}.Debug|Any CPU.ActiveCfg = Debug|Any CPU
		{F894A814-80C5-4EF4-8DF5-B8D130C63F3A}.Debug|Any CPU.Build.0 = Debug|Any CPU
		{F894A814-80C5-4EF4-8DF5-B8D130C63F3A}.Release|Any CPU.ActiveCfg = Release|Any CPU
		{F894A814-80C5-4EF4-8DF5-B8D130C63F3A}.Release|Any CPU.Build.0 = Release|Any CPU
		{41AC5399-137A-4DF2-BCDF-94F2A73A6376}.Debug|Any CPU.ActiveCfg = Debug|Any CPU
		{41AC5399-137A-4DF2-BCDF-94F2A73A6376}.Debug|Any CPU.Build.0 = Debug|Any CPU
		{41AC5399-137A-4DF2-BCDF-94F2A73A6376}.Release|Any CPU.ActiveCfg = Release|Any CPU
		{41AC5399-137A-4DF2-BCDF-94F2A73A6376}.Release|Any CPU.Build.0 = Release|Any CPU
		{4507A78D-2C86-4CF9-82C4-D0E399185C1E}.Debug|Any CPU.ActiveCfg = Debug|Any CPU
		{4507A78D-2C86-4CF9-82C4-D0E399185C1E}.Debug|Any CPU.Build.0 = Debug|Any CPU
		{4507A78D-2C86-4CF9-82C4-D0E399185C1E}.Release|Any CPU.ActiveCfg = Release|Any CPU
		{4507A78D-2C86-4CF9-82C4-D0E399185C1E}.Release|Any CPU.Build.0 = Release|Any CPU
	EndGlobalSection
	GlobalSection(SolutionProperties) = preSolution
		HideSolutionNode = FALSE
	EndGlobalSection
	GlobalSection(ExtensibilityGlobals) = postSolution
		SolutionGuid = {524A5F44-039F-4E4E-8DC4-4CF9346B4587}
	EndGlobalSection
EndGlobal
